
Microsoft Visual Studio Solution File, Format Version 12.00
# Visual Studio Version 17
VisualStudioVersion = 17.11.35303.130
MinimumVisualStudioVersion = 10.0.40219.1
Project("{FAE04EC0-301F-11D3-BF4B-00C04F79EFBC}") = "LazaAPI", "LazaAPI\LazaAPI.csproj", "{951CF25B-297D-4D71-BF0D-BC61AC75A99E}"
EndProject
Project("{FAE04EC0-301F-11D3-BF4B-00C04F79EFBC}") = "LazaProject.Core", "LazaProject.Core\LazaProject.Core.csproj", "{3991AE8C-7D26-418E-A4E6-CFC7744F6B11}"
EndProject
Project("{FAE04EC0-301F-11D3-BF4B-00C04F79EFBC}") = "LazaProject.Application", "LazaProject.Application\LazaProject.Application.csproj", "{BB78D3A0-CBB5-47D1-A124-0E55072F7DD4}"
EndProject
Project("{FAE04EC0-301F-11D3-BF4B-00C04F79EFBC}") = "LazaProject.persistence", "LazaProject.persistence\LazaProject.persistence.csproj", "{B5E1EF65-B70F-41EE-ABF2-A8211F27E957}"
EndProject
Global
	GlobalSection(SolutionConfigurationPlatforms) = preSolution
		Debug|Any CPU = Debug|Any CPU
		Release|Any CPU = Release|Any CPU
	EndGlobalSection
	GlobalSection(ProjectConfigurationPlatforms) = postSolution
		{951CF25B-297D-4D71-BF0D-BC61AC75A99E}.Debug|Any CPU.ActiveCfg = Debug|Any CPU
		{951CF25B-297D-4D71-BF0D-BC61AC75A99E}.Debug|Any CPU.Build.0 = Debug|Any CPU
		{951CF25B-297D-4D71-BF0D-BC61AC75A99E}.Release|Any CPU.ActiveCfg = Release|Any CPU
		{951CF25B-297D-4D71-BF0D-BC61AC75A99E}.Release|Any CPU.Build.0 = Release|Any CPU
		{3991AE8C-7D26-418E-A4E6-CFC7744F6B11}.Debug|Any CPU.ActiveCfg = Debug|Any CPU
		{3991AE8C-7D26-418E-A4E6-CFC7744F6B11}.Debug|Any CPU.Build.0 = Debug|Any CPU
		{3991AE8C-7D26-418E-A4E6-CFC7744F6B11}.Release|Any CPU.ActiveCfg = Release|Any CPU
		{3991AE8C-7D26-418E-A4E6-CFC7744F6B11}.Release|Any CPU.Build.0 = Release|Any CPU
		{BB78D3A0-CBB5-47D1-A124-0E55072F7DD4}.Debug|Any CPU.ActiveCfg = Debug|Any CPU
		{BB78D3A0-CBB5-47D1-A124-0E55072F7DD4}.Debug|Any CPU.Build.0 = Debug|Any CPU
		{BB78D3A0-CBB5-47D1-A124-0E55072F7DD4}.Release|Any CPU.ActiveCfg = Release|Any CPU
		{BB78D3A0-CBB5-47D1-A124-0E55072F7DD4}.Release|Any CPU.Build.0 = Release|Any CPU
		{B5E1EF65-B70F-41EE-ABF2-A8211F27E957}.Debug|Any CPU.ActiveCfg = Debug|Any CPU
		{B5E1EF65-B70F-41EE-ABF2-A8211F27E957}.Debug|Any CPU.Build.0 = Debug|Any CPU
		{B5E1EF65-B70F-41EE-ABF2-A8211F27E957}.Release|Any CPU.ActiveCfg = Release|Any CPU
		{B5E1EF65-B70F-41EE-ABF2-A8211F27E957}.Release|Any CPU.Build.0 = Release|Any CPU
	EndGlobalSection
	GlobalSection(SolutionProperties) = preSolution
		HideSolutionNode = FALSE
	EndGlobalSection
	GlobalSection(ExtensibilityGlobals) = postSolution
		SolutionGuid = {FE75F0D7-53FA-4369-8697-DFBE72011BEC}
	EndGlobalSection
EndGlobal
